
Microsoft Visual Studio Solution File, Format Version 12.00
# Visual Studio 15
VisualStudioVersion = 15.0.27703.2018
MinimumVisualStudioVersion = 10.0.40219.1
Project("{FAE04EC0-301F-11D3-BF4B-00C04F79EFBC}") = "InterfaceDemo", "InterfaceDemo.csproj", "{E0AC066C-6CE8-4480-A82A-7BAA718D8286}"
EndProject
Project("{FAE04EC0-301F-11D3-BF4B-00C04F79EFBC}") = "DemoLibrary", "..\DemoLibrary\DemoLibrary.csproj", "{6E3CFF16-2B9B-40E2-910B-8DB83BE898DB}"
EndProject
Global
	GlobalSection(SolutionConfigurationPlatforms) = preSolution
		Debug|Any CPU = Debug|Any CPU
		Release|Any CPU = Release|Any CPU
	EndGlobalSection
	GlobalSection(ProjectConfigurationPlatforms) = postSolution
		{E0AC066C-6CE8-4480-A82A-7BAA718D8286}.Debug|Any CPU.ActiveCfg = Debug|Any CPU
		{E0AC066C-6CE8-4480-A82A-7BAA718D8286}.Debug|Any CPU.Build.0 = Debug|Any CPU
		{E0AC066C-6CE8-4480-A82A-7BAA718D8286}.Release|Any CPU.ActiveCfg = Release|Any CPU
		{E0AC066C-6CE8-4480-A82A-7BAA718D8286}.Release|Any CPU.Build.0 = Release|Any CPU
		{6E3CFF16-2B9B-40E2-910B-8DB83BE898DB}.Debug|Any CPU.ActiveCfg = Debug|Any CPU
		{6E3CFF16-2B9B-40E2-910B-8DB83BE898DB}.Debug|Any CPU.Build.0 = Debug|Any CPU
		{6E3CFF16-2B9B-40E2-910B-8DB83BE898DB}.Release|Any CPU.ActiveCfg = Release|Any CPU
		{6E3CFF16-2B9B-40E2-910B-8DB83BE898DB}.Release|Any CPU.Build.0 = Release|Any CPU
	EndGlobalSection
	GlobalSection(SolutionProperties) = preSolution
		HideSolutionNode = FALSE
	EndGlobalSection
	GlobalSection(ExtensibilityGlobals) = postSolution
		SolutionGuid = {FE64CB61-FE31-47B3-973B-3F6246251913}
	EndGlobalSection
EndGlobal
